
Microsoft Visual Studio Solution File, Format Version 12.00
# Visual Studio Version 16
VisualStudioVersion = 16.0.30804.86
MinimumVisualStudioVersion = 10.0.40219.1
Project("{FAE04EC0-301F-11D3-BF4B-00C04F79EFBC}") = "RazorPagesMovie", "RazorPagesMovie.csproj", "{8332C019-B7DC-457C-8231-5D8E6F2FD6F8}"
EndProject
Global
	GlobalSection(SolutionConfigurationPlatforms) = preSolution
		Debug|Any CPU = Debug|Any CPU
		Release|Any CPU = Release|Any CPU
	EndGlobalSection
	GlobalSection(ProjectConfigurationPlatforms) = postSolution
		{8332C019-B7DC-457C-8231-5D8E6F2FD6F8}.Debug|Any CPU.ActiveCfg = Debug|Any CPU
		{8332C019-B7DC-457C-8231-5D8E6F2FD6F8}.Debug|Any CPU.Build.0 = Debug|Any CPU
		{8332C019-B7DC-457C-8231-5D8E6F2FD6F8}.Release|Any CPU.ActiveCfg = Release|Any CPU
		{8332C019-B7DC-457C-8231-5D8E6F2FD6F8}.Release|Any CPU.Build.0 = Release|Any CPU
	EndGlobalSection
	GlobalSection(SolutionProperties) = preSolution
		HideSolutionNode = FALSE
	EndGlobalSection
	GlobalSection(ExtensibilityGlobals) = postSolution
		SolutionGuid = {1DB7ED2F-A52D-48C7-8513-3CAD89793E83}
	EndGlobalSection
EndGlobal
