
Microsoft Visual Studio Solution File, Format Version 12.00
# Visual Studio Version 16
VisualStudioVersion = 16.0.30804.86
MinimumVisualStudioVersion = 10.0.40219.1
Project("{FAE04EC0-301F-11D3-BF4B-00C04F79EFBC}") = "MyFirstConsoleApplication", "MyFirstConsoleApplication\MyFirstConsoleApplication.csproj", "{51CD4F76-58A5-4EE7-8B66-83D5DAE7C9AE}"
EndProject
Global
	GlobalSection(SolutionConfigurationPlatforms) = preSolution
		Debug|Any CPU = Debug|Any CPU
		Release|Any CPU = Release|Any CPU
	EndGlobalSection
	GlobalSection(ProjectConfigurationPlatforms) = postSolution
		{51CD4F76-58A5-4EE7-8B66-83D5DAE7C9AE}.Debug|Any CPU.ActiveCfg = Debug|Any CPU
		{51CD4F76-58A5-4EE7-8B66-83D5DAE7C9AE}.Debug|Any CPU.Build.0 = Debug|Any CPU
		{51CD4F76-58A5-4EE7-8B66-83D5DAE7C9AE}.Release|Any CPU.ActiveCfg = Release|Any CPU
		{51CD4F76-58A5-4EE7-8B66-83D5DAE7C9AE}.Release|Any CPU.Build.0 = Release|Any CPU
	EndGlobalSection
	GlobalSection(SolutionProperties) = preSolution
		HideSolutionNode = FALSE
	EndGlobalSection
	GlobalSection(ExtensibilityGlobals) = postSolution
		SolutionGuid = {AAB83193-28CC-49B4-9FCA-BD137E2E4ECD}
	EndGlobalSection
EndGlobal
