
Microsoft Visual Studio Solution File, Format Version 12.00
# Visual Studio Version 16
VisualStudioVersion = 16.0.30804.86
MinimumVisualStudioVersion = 10.0.40219.1
Project("{FAE04EC0-301F-11D3-BF4B-00C04F79EFBC}") = "WindowsFormsApp1", "WindowsFormsApp1\WindowsFormsApp1.csproj", "{DB154493-A3A5-471F-A719-4D6282F4CE9C}"
EndProject
Global
	GlobalSection(SolutionConfigurationPlatforms) = preSolution
		Debug|Any CPU = Debug|Any CPU
		Release|Any CPU = Release|Any CPU
	EndGlobalSection
	GlobalSection(ProjectConfigurationPlatforms) = postSolution
		{DB154493-A3A5-471F-A719-4D6282F4CE9C}.Debug|Any CPU.ActiveCfg = Debug|Any CPU
		{DB154493-A3A5-471F-A719-4D6282F4CE9C}.Debug|Any CPU.Build.0 = Debug|Any CPU
		{DB154493-A3A5-471F-A719-4D6282F4CE9C}.Release|Any CPU.ActiveCfg = Release|Any CPU
		{DB154493-A3A5-471F-A719-4D6282F4CE9C}.Release|Any CPU.Build.0 = Release|Any CPU
	EndGlobalSection
	GlobalSection(SolutionProperties) = preSolution
		HideSolutionNode = FALSE
	EndGlobalSection
	GlobalSection(ExtensibilityGlobals) = postSolution
		SolutionGuid = {8F49AB15-5596-43D3-920F-F5CE91F0F2C9}
	EndGlobalSection
EndGlobal
